
Microsoft Visual Studio Solution File, Format Version 12.00
# Visual Studio Version 16
VisualStudioVersion = 16.0.30517.126
MinimumVisualStudioVersion = 10.0.40219.1
Project("{9A19103F-16F7-4668-BE54-9A1E7A4F7556}") = "PESSOAL.ControleFinanceiro", "PESSOAL.ControleFinanceiro\PESSOAL.ControleFinanceiro.csproj", "{59CC1E8C-95FD-48A1-84F7-253E1831DF4E}"
EndProject
Project("{9A19103F-16F7-4668-BE54-9A1E7A4F7556}") = "PESSOAL.ControleFinanceiro.MODELS", "PESSOAL.ControleFinanceiro.MODELS\PESSOAL.ControleFinanceiro.MODELS.csproj", "{A057FAE1-3F97-40E2-8CA4-E08A10205A52}"
EndProject
Project("{FAE04EC0-301F-11D3-BF4B-00C04F79EFBC}") = "PESSOAL.ControleFinanceiro.CONTEXT", "PESSOAL.ControleFinanceiro.CONTEXT\PESSOAL.ControleFinanceiro.CONTEXT.csproj", "{4F3522C8-0541-486D-9CBC-D004E73CA0AF}"
EndProject
Project("{FAE04EC0-301F-11D3-BF4B-00C04F79EFBC}") = "PESSOAL.ControleFinanceiro.SERVICES", "PESSOAL.ControleFinanceiro.SERVICES\PESSOAL.ControleFinanceiro.SERVICES.csproj", "{F6690BA5-3107-49A4-BB7A-B08EBD7845EA}"
EndProject
Global
	GlobalSection(SolutionConfigurationPlatforms) = preSolution
		Debug|Any CPU = Debug|Any CPU
		Release|Any CPU = Release|Any CPU
	EndGlobalSection
	GlobalSection(ProjectConfigurationPlatforms) = postSolution
		{59CC1E8C-95FD-48A1-84F7-253E1831DF4E}.Debug|Any CPU.ActiveCfg = Debug|Any CPU
		{59CC1E8C-95FD-48A1-84F7-253E1831DF4E}.Debug|Any CPU.Build.0 = Debug|Any CPU
		{59CC1E8C-95FD-48A1-84F7-253E1831DF4E}.Release|Any CPU.ActiveCfg = Release|Any CPU
		{59CC1E8C-95FD-48A1-84F7-253E1831DF4E}.Release|Any CPU.Build.0 = Release|Any CPU
		{A057FAE1-3F97-40E2-8CA4-E08A10205A52}.Debug|Any CPU.ActiveCfg = Debug|Any CPU
		{A057FAE1-3F97-40E2-8CA4-E08A10205A52}.Debug|Any CPU.Build.0 = Debug|Any CPU
		{A057FAE1-3F97-40E2-8CA4-E08A10205A52}.Release|Any CPU.ActiveCfg = Release|Any CPU
		{A057FAE1-3F97-40E2-8CA4-E08A10205A52}.Release|Any CPU.Build.0 = Release|Any CPU
		{4F3522C8-0541-486D-9CBC-D004E73CA0AF}.Debug|Any CPU.ActiveCfg = Debug|Any CPU
		{4F3522C8-0541-486D-9CBC-D004E73CA0AF}.Debug|Any CPU.Build.0 = Debug|Any CPU
		{4F3522C8-0541-486D-9CBC-D004E73CA0AF}.Release|Any CPU.ActiveCfg = Release|Any CPU
		{4F3522C8-0541-486D-9CBC-D004E73CA0AF}.Release|Any CPU.Build.0 = Release|Any CPU
		{F6690BA5-3107-49A4-BB7A-B08EBD7845EA}.Debug|Any CPU.ActiveCfg = Debug|Any CPU
		{F6690BA5-3107-49A4-BB7A-B08EBD7845EA}.Debug|Any CPU.Build.0 = Debug|Any CPU
		{F6690BA5-3107-49A4-BB7A-B08EBD7845EA}.Release|Any CPU.ActiveCfg = Release|Any CPU
		{F6690BA5-3107-49A4-BB7A-B08EBD7845EA}.Release|Any CPU.Build.0 = Release|Any CPU
	EndGlobalSection
	GlobalSection(SolutionProperties) = preSolution
		HideSolutionNode = FALSE
	EndGlobalSection
	GlobalSection(ExtensibilityGlobals) = postSolution
		SolutionGuid = {C3CA7778-EE16-48E7-8AFD-93D9DFCF6D82}
	EndGlobalSection
EndGlobal
